// !$*UTF8*$!
{
	archiveVersion = 1;
	classes = {
	};
	objectVersion = 50;
	objects = {

/* Begin PBXBuildFile section */
		8A0D1EC1217F49B600B757B7 /* AppDelegate.m in Sources */ = {isa = PBXBuildFile; fileRef = 8A0D1EC0217F49B600B757B7 /* AppDelegate.m */; };
		8A0D1EC4217F49B600B757B7 /* ViewController.m in Sources */ = {isa = PBXBuildFile; fileRef = 8A0D1EC3217F49B600B757B7 /* ViewController.m */; };
		8A0D1EC7217F49B600B757B7 /* Main.storyboard in Resources */ = {isa = PBXBuildFile; fileRef = 8A0D1EC5217F49B600B757B7 /* Main.storyboard */; };
		8A0D1EC9217F49B800B757B7 /* Assets.xcassets in Resources */ = {isa = PBXBuildFile; fileRef = 8A0D1EC8217F49B800B757B7 /* Assets.xcassets */; };
		8A0D1ECC217F49B800B757B7 /* LaunchScreen.storyboard in Resources */ = {isa = PBXBuildFile; fileRef = 8A0D1ECA217F49B800B757B7 /* LaunchScreen.storyboard */; };
		8A0D1ECF217F49B800B757B7 /* main.m in Sources */ = {isa = PBXBuildFile; fileRef = 8A0D1ECE217F49B800B757B7 /* main.m */; };
		8A0D1EDE217F50F100B757B7 /* FacesService.m in Sources */ = {isa = PBXBuildFile; fileRef = 8A0D1EDD217F50F100B757B7 /* FacesService.m */; };
		8A0D1EE0217F598F00B757B7 /* Family2-Lady1.png in Resources */ = {isa = PBXBuildFile; fileRef = 8A0D1EDF217F598F00B757B7 /* Family2-Lady1.png */; };
		8A0D1EE4217F61C200B757B7 /* FaceDetails.m in Sources */ = {isa = PBXBuildFile; fileRef = 8A0D1EE3217F61C200B757B7 /* FaceDetails.m */; };
		8A0D1EE7217F61FD00B757B7 /* FaceRectangle.m in Sources */ = {isa = PBXBuildFile; fileRef = 8A0D1EE6217F61FD00B757B7 /* FaceRectangle.m */; };
		8A0D1EEA217F69AA00B757B7 /* ImagePresentorViewController.m in Sources */ = {isa = PBXBuildFile; fileRef = 8A0D1EE9217F69AA00B757B7 /* ImagePresentorViewController.m */; };
		97D8F83A4547E091DE57D58D /* Pods_VizTest.framework in Frameworks */ = {isa = PBXBuildFile; fileRef = 432D1C83FE52A535CC99A57B /* Pods_VizTest.framework */; };
/* End PBXBuildFile section */

/* Begin PBXFileReference section */
		432D1C83FE52A535CC99A57B /* Pods_VizTest.framework */ = {isa = PBXFileReference; explicitFileType = wrapper.framework; includeInIndex = 0; path = Pods_VizTest.framework; sourceTree = BUILT_PRODUCTS_DIR; };
		8A0D1EBC217F49B600B757B7 /* VizTest.app */ = {isa = PBXFileReference; explicitFileType = wrapper.application; includeInIndex = 0; path = VizTest.app; sourceTree = BUILT_PRODUCTS_DIR; };
		8A0D1EBF217F49B600B757B7 /* AppDelegate.h */ = {isa = PBXFileReference; lastKnownFileType = sourcecode.c.h; path = AppDelegate.h; sourceTree = "<group>"; };
		8A0D1EC0217F49B600B757B7 /* AppDelegate.m */ = {isa = PBXFileReference; lastKnownFileType = sourcecode.c.objc; path = AppDelegate.m; sourceTree = "<group>"; };
		8A0D1EC2217F49B600B757B7 /* ViewController.h */ = {isa = PBXFileReference; lastKnownFileType = sourcecode.c.h; path = ViewController.h; sourceTree = "<group>"; };
		8A0D1EC3217F49B600B757B7 /* ViewController.m */ = {isa = PBXFileReference; lastKnownFileType = sourcecode.c.objc; path = ViewController.m; sourceTree = "<group>"; };
		8A0D1EC6217F49B600B757B7 /* Base */ = {isa = PBXFileReference; lastKnownFileType = file.storyboard; name = Base; path = Base.lproj/Main.storyboard; sourceTree = "<group>"; };
		8A0D1EC8217F49B800B757B7 /* Assets.xcassets */ = {isa = PBXFileReference; lastKnownFileType = folder.assetcatalog; path = Assets.xcassets; sourceTree = "<group>"; };
		8A0D1ECB217F49B800B757B7 /* Base */ = {isa = PBXFileReference; lastKnownFileType = file.storyboard; name = Base; path = Base.lproj/LaunchScreen.storyboard; sourceTree = "<group>"; };
		8A0D1ECD217F49B800B757B7 /* Info.plist */ = {isa = PBXFileReference; lastKnownFileType = text.plist.xml; path = Info.plist; sourceTree = "<group>"; };
		8A0D1ECE217F49B800B757B7 /* main.m */ = {isa = PBXFileReference; lastKnownFileType = sourcecode.c.objc; path = main.m; sourceTree = "<group>"; };
		8A0D1EDC217F50F100B757B7 /* FacesService.h */ = {isa = PBXFileReference; lastKnownFileType = sourcecode.c.h; path = FacesService.h; sourceTree = "<group>"; };
		8A0D1EDD217F50F100B757B7 /* FacesService.m */ = {isa = PBXFileReference; lastKnownFileType = sourcecode.c.objc; path = FacesService.m; sourceTree = "<group>"; };
		8A0D1EDF217F598F00B757B7 /* Family2-Lady1.png */ = {isa = PBXFileReference; lastKnownFileType = image.png; name = "Family2-Lady1.png"; path = "../../../images/Family2-Lady1.png"; sourceTree = "<group>"; };
		8A0D1EE2217F61C200B757B7 /* FaceDetails.h */ = {isa = PBXFileReference; lastKnownFileType = sourcecode.c.h; path = FaceDetails.h; sourceTree = "<group>"; };
		8A0D1EE3217F61C200B757B7 /* FaceDetails.m */ = {isa = PBXFileReference; lastKnownFileType = sourcecode.c.objc; path = FaceDetails.m; sourceTree = "<group>"; };
		8A0D1EE5217F61FD00B757B7 /* FaceRectangle.h */ = {isa = PBXFileReference; lastKnownFileType = sourcecode.c.h; path = FaceRectangle.h; sourceTree = "<group>"; };
		8A0D1EE6217F61FD00B757B7 /* FaceRectangle.m */ = {isa = PBXFileReference; lastKnownFileType = sourcecode.c.objc; path = FaceRectangle.m; sourceTree = "<group>"; };
		8A0D1EE8217F69AA00B757B7 /* ImagePresentorViewController.h */ = {isa = PBXFileReference; lastKnownFileType = sourcecode.c.h; path = ImagePresentorViewController.h; sourceTree = "<group>"; };
		8A0D1EE9217F69AA00B757B7 /* ImagePresentorViewController.m */ = {isa = PBXFileReference; lastKnownFileType = sourcecode.c.objc; path = ImagePresentorViewController.m; sourceTree = "<group>"; };
		AC622CCEF519754EB03EDB1E /* Pods-VizTest.debug.xcconfig */ = {isa = PBXFileReference; includeInIndex = 1; lastKnownFileType = text.xcconfig; name = "Pods-VizTest.debug.xcconfig"; path = "Pods/Target Support Files/Pods-VizTest/Pods-VizTest.debug.xcconfig"; sourceTree = "<group>"; };
		B7ECEBE704F4C99DABAB2DD9 /* Pods-VizTest.release.xcconfig */ = {isa = PBXFileReference; includeInIndex = 1; lastKnownFileType = text.xcconfig; name = "Pods-VizTest.release.xcconfig"; path = "Pods/Target Support Files/Pods-VizTest/Pods-VizTest.release.xcconfig"; sourceTree = "<group>"; };
/* End PBXFileReference section */

/* Begin PBXFrameworksBuildPhase section */
		8A0D1EB9217F49B600B757B7 /* Frameworks */ = {
			isa = PBXFrameworksBuildPhase;
			buildActionMask = 2147483647;
			files = (
				97D8F83A4547E091DE57D58D /* Pods_VizTest.framework in Frameworks */,
			);
			runOnlyForDeploymentPostprocessing = 0;
		};
/* End PBXFrameworksBuildPhase section */

/* Begin PBXGroup section */
		61CC8CEF48358BDD103CB4CE /* Pods */ = {
			isa = PBXGroup;
			children = (
				AC622CCEF519754EB03EDB1E /* Pods-VizTest.debug.xcconfig */,
				B7ECEBE704F4C99DABAB2DD9 /* Pods-VizTest.release.xcconfig */,
			);
			name = Pods;
			sourceTree = "<group>";
		};
		8A0D1EB3217F49B600B757B7 = {
			isa = PBXGroup;
			children = (
				8A0D1EBE217F49B600B757B7 /* VizTest */,
				8A0D1EBD217F49B600B757B7 /* Products */,
				61CC8CEF48358BDD103CB4CE /* Pods */,
				DDEC9A93DBE4EF21D7F6F814 /* Frameworks */,
			);
			sourceTree = "<group>";
		};
		8A0D1EBD217F49B600B757B7 /* Products */ = {
			isa = PBXGroup;
			children = (
				8A0D1EBC217F49B600B757B7 /* VizTest.app */,
			);
			name = Products;
			sourceTree = "<group>";
		};
		8A0D1EBE217F49B600B757B7 /* VizTest */ = {
			isa = PBXGroup;
			children = (
				8A0D1EE1217F61AA00B757B7 /* Entities */,
				8A0D1ED7217F4FD700B757B7 /* App */,
				8A0D1ED6217F4FB400B757B7 /* Services */,
				8A0D1ED5217F4FAF00B757B7 /* UI */,
				8A0D1EC8217F49B800B757B7 /* Assets.xcassets */,
				8A0D1ECD217F49B800B757B7 /* Info.plist */,
				8A0D1EDF217F598F00B757B7 /* Family2-Lady1.png */,
			);
			path = VizTest;
			sourceTree = "<group>";
		};
		8A0D1ED5217F4FAF00B757B7 /* UI */ = {
			isa = PBXGroup;
			children = (
				8A0D1ED9217F4FFC00B757B7 /* Storyboards */,
				8A0D1ED8217F4FEB00B757B7 /* ViewControllers */,
			);
			path = UI;
			sourceTree = "<group>";
		};
		8A0D1ED6217F4FB400B757B7 /* Services */ = {
			isa = PBXGroup;
			children = (
				8A0D1EDC217F50F100B757B7 /* FacesService.h */,
				8A0D1EDD217F50F100B757B7 /* FacesService.m */,
			);
			path = Services;
			sourceTree = "<group>";
		};
		8A0D1ED7217F4FD700B757B7 /* App */ = {
			isa = PBXGroup;
			children = (
				8A0D1EBF217F49B600B757B7 /* AppDelegate.h */,
				8A0D1EC0217F49B600B757B7 /* AppDelegate.m */,
				8A0D1ECE217F49B800B757B7 /* main.m */,
			);
			path = App;
			sourceTree = "<group>";
		};
		8A0D1ED8217F4FEB00B757B7 /* ViewControllers */ = {
			isa = PBXGroup;
			children = (
				8A0D1EC2217F49B600B757B7 /* ViewController.h */,
				8A0D1EC3217F49B600B757B7 /* ViewController.m */,
				8A0D1EE8217F69AA00B757B7 /* ImagePresentorViewController.h */,
				8A0D1EE9217F69AA00B757B7 /* ImagePresentorViewController.m */,
			);
			path = ViewControllers;
			sourceTree = "<group>";
		};
		8A0D1ED9217F4FFC00B757B7 /* Storyboards */ = {
			isa = PBXGroup;
			children = (
				8A0D1ECA217F49B800B757B7 /* LaunchScreen.storyboard */,
				8A0D1EC5217F49B600B757B7 /* Main.storyboard */,
			);
			path = Storyboards;
			sourceTree = "<group>";
		};
		8A0D1EE1217F61AA00B757B7 /* Entities */ = {
			isa = PBXGroup;
			children = (
				8A0D1EE2217F61C200B757B7 /* FaceDetails.h */,
				8A0D1EE3217F61C200B757B7 /* FaceDetails.m */,
				8A0D1EE5217F61FD00B757B7 /* FaceRectangle.h */,
				8A0D1EE6217F61FD00B757B7 /* FaceRectangle.m */,
			);
			path = Entities;
			sourceTree = "<group>";
		};
		DDEC9A93DBE4EF21D7F6F814 /* Frameworks */ = {
			isa = PBXGroup;
			children = (
				432D1C83FE52A535CC99A57B /* Pods_VizTest.framework */,
			);
			name = Frameworks;
			sourceTree = "<group>";
		};
/* End PBXGroup section */

/* Begin PBXNativeTarget section */
		8A0D1EBB217F49B600B757B7 /* VizTest */ = {
			isa = PBXNativeTarget;
			buildConfigurationList = 8A0D1ED2217F49B800B757B7 /* Build configuration list for PBXNativeTarget "VizTest" */;
			buildPhases = (
				8E09B01005B1BA021855308E /* [CP] Check Pods Manifest.lock */,
				8A0D1EB8217F49B600B757B7 /* Sources */,
				8A0D1EB9217F49B600B757B7 /* Frameworks */,
				8A0D1EBA217F49B600B757B7 /* Resources */,
				198F7961D62560AE17FD105D /* [CP] Embed Pods Frameworks */,
				396BC28C982335E4261C6AE1 /* [CP] Copy Pods Resources */,
			);
			buildRules = (
			);
			dependencies = (
			);
			name = VizTest;
			productName = VizTest;
			productReference = 8A0D1EBC217F49B600B757B7 /* VizTest.app */;
			productType = "com.apple.product-type.application";
		};
/* End PBXNativeTarget section */

/* Begin PBXProject section */
		8A0D1EB4217F49B600B757B7 /* Project object */ = {
			isa = PBXProject;
			attributes = {
				LastUpgradeCheck = 1000;
				ORGANIZATIONNAME = Matan;
				TargetAttributes = {
					8A0D1EBB217F49B600B757B7 = {
						CreatedOnToolsVersion = 10.0;
					};
				};
			};
			buildConfigurationList = 8A0D1EB7217F49B600B757B7 /* Build configuration list for PBXProject "VizTest" */;
			compatibilityVersion = "Xcode 9.3";
			developmentRegion = en;
			hasScannedForEncodings = 0;
			knownRegions = (
				en,
				Base,
			);
			mainGroup = 8A0D1EB3217F49B600B757B7;
			productRefGroup = 8A0D1EBD217F49B600B757B7 /* Products */;
			projectDirPath = "";
			projectRoot = "";
			targets = (
				8A0D1EBB217F49B600B757B7 /* VizTest */,
			);
		};
/* End PBXProject section */

/* Begin PBXResourcesBuildPhase section */
		8A0D1EBA217F49B600B757B7 /* Resources */ = {
			isa = PBXResourcesBuildPhase;
			buildActionMask = 2147483647;
			files = (
				8A0D1EE0217F598F00B757B7 /* Family2-Lady1.png in Resources */,
				8A0D1ECC217F49B800B757B7 /* LaunchScreen.storyboard in Resources */,
				8A0D1EC9217F49B800B757B7 /* Assets.xcassets in Resources */,
				8A0D1EC7217F49B600B757B7 /* Main.storyboard in Resources */,
			);
			runOnlyForDeploymentPostprocessing = 0;
		};
/* End PBXResourcesBuildPhase section */

/* Begin PBXShellScriptBuildPhase section */
		198F7961D62560AE17FD105D /* [CP] Embed Pods Frameworks */ = {
			isa = PBXShellScriptBuildPhase;
			buildActionMask = 2147483647;
			files = (
			);
			inputPaths = (
				"${SRCROOT}/Pods/Target Support Files/Pods-VizTest/Pods-VizTest-frameworks.sh",
				"${BUILT_PRODUCTS_DIR}/AFNetworking/AFNetworking.framework",
				"${BUILT_PRODUCTS_DIR}/ImageFilesPicker/ImageFilesPicker.framework",
			);
			name = "[CP] Embed Pods Frameworks";
			outputPaths = (
				"${TARGET_BUILD_DIR}/${FRAMEWORKS_FOLDER_PATH}/AFNetworking.framework",
				"${TARGET_BUILD_DIR}/${FRAMEWORKS_FOLDER_PATH}/ImageFilesPicker.framework",
			);
			runOnlyForDeploymentPostprocessing = 0;
			shellPath = /bin/sh;
			shellScript = "\"${SRCROOT}/Pods/Target Support Files/Pods-VizTest/Pods-VizTest-frameworks.sh\"\n";
			showEnvVarsInLog = 0;
		};
		396BC28C982335E4261C6AE1 /* [CP] Copy Pods Resources */ = {
			isa = PBXShellScriptBuildPhase;
			buildActionMask = 2147483647;
			files = (
			);
			inputPaths = (
			);
			name = "[CP] Copy Pods Resources";
			outputPaths = (
			);
			runOnlyForDeploymentPostprocessing = 0;
			shellPath = /bin/sh;
			shellScript = "\"${SRCROOT}/Pods/Target Support Files/Pods-VizTest/Pods-VizTest-resources.sh\"\n";
			showEnvVarsInLog = 0;
		};
		8E09B01005B1BA021855308E /* [CP] Check Pods Manifest.lock */ = {
			isa = PBXShellScriptBuildPhase;
			buildActionMask = 2147483647;
			files = (
			);
			inputPaths = (
				"${PODS_PODFILE_DIR_PATH}/Podfile.lock",
				"${PODS_ROOT}/Manifest.lock",
			);
			name = "[CP] Check Pods Manifest.lock";
			outputPaths = (
				"$(DERIVED_FILE_DIR)/Pods-VizTest-checkManifestLockResult.txt",
			);
			runOnlyForDeploymentPostprocessing = 0;
			shellPath = /bin/sh;
			shellScript = "diff \"${PODS_PODFILE_DIR_PATH}/Podfile.lock\" \"${PODS_ROOT}/Manifest.lock\" > /dev/null\nif [ $? != 0 ] ; then\n    # print error to STDERR\n    echo \"error: The sandbox is not in sync with the Podfile.lock. Run 'pod install' or update your CocoaPods installation.\" >&2\n    exit 1\nfi\n# This output is used by Xcode 'outputs' to avoid re-running this script phase.\necho \"SUCCESS\" > \"${SCRIPT_OUTPUT_FILE_0}\"\n";
			showEnvVarsInLog = 0;
		};
/* End PBXShellScriptBuildPhase section */

/* Begin PBXSourcesBuildPhase section */
		8A0D1EB8217F49B600B757B7 /* Sources */ = {
			isa = PBXSourcesBuildPhase;
			buildActionMask = 2147483647;
			files = (
				8A0D1EE7217F61FD00B757B7 /* FaceRectangle.m in Sources */,
				8A0D1EE4217F61C200B757B7 /* FaceDetails.m in Sources */,
				8A0D1EDE217F50F100B757B7 /* FacesService.m in Sources */,
				8A0D1EEA217F69AA00B757B7 /* ImagePresentorViewController.m in Sources */,
				8A0D1EC4217F49B600B757B7 /* ViewController.m in Sources */,
				8A0D1ECF217F49B800B757B7 /* main.m in Sources */,
				8A0D1EC1217F49B600B757B7 /* AppDelegate.m in Sources */,
			);
			runOnlyForDeploymentPostprocessing = 0;
		};
/* End PBXSourcesBuildPhase section */

/* Begin PBXVariantGroup section */
		8A0D1EC5217F49B600B757B7 /* Main.storyboard */ = {
			isa = PBXVariantGroup;
			children = (
				8A0D1EC6217F49B600B757B7 /* Base */,
			);
			name = Main.storyboard;
			sourceTree = "<group>";
		};
		8A0D1ECA217F49B800B757B7 /* LaunchScreen.storyboard */ = {
			isa = PBXVariantGroup;
			children = (
				8A0D1ECB217F49B800B757B7 /* Base */,
			);
			name = LaunchScreen.storyboard;
			sourceTree = "<group>";
		};
/* End PBXVariantGroup section */

/* Begin XCBuildConfiguration section */
		8A0D1ED0217F49B800B757B7 /* Debug */ = {
			isa = XCBuildConfiguration;
			buildSettings = {
				ALWAYS_SEARCH_USER_PATHS = NO;
				CLANG_ANALYZER_NONNULL = YES;
				CLANG_ANALYZER_NUMBER_OBJECT_CONVERSION = YES_AGGRESSIVE;
				CLANG_CXX_LANGUAGE_STANDARD = "gnu++14";
				CLANG_CXX_LIBRARY = "libc++";
				CLANG_ENABLE_MODULES = YES;
				CLANG_ENABLE_OBJC_ARC = YES;
				CLANG_ENABLE_OBJC_WEAK = YES;
				CLANG_WARN_BLOCK_CAPTURE_AUTORELEASING = YES;
				CLANG_WARN_BOOL_CONVERSION = YES;
				CLANG_WARN_COMMA = YES;
				CLANG_WARN_CONSTANT_CONVERSION = YES;
				CLANG_WARN_DEPRECATED_OBJC_IMPLEMENTATIONS = YES;
				CLANG_WARN_DIRECT_OBJC_ISA_USAGE = YES_ERROR;
				CLANG_WARN_DOCUMENTATION_COMMENTS = YES;
				CLANG_WARN_EMPTY_BODY = YES;
				CLANG_WARN_ENUM_CONVERSION = YES;
				CLANG_WARN_INFINITE_RECURSION = YES;
				CLANG_WARN_INT_CONVERSION = YES;
				CLANG_WARN_NON_LITERAL_NULL_CONVERSION = YES;
				CLANG_WARN_OBJC_IMPLICIT_RETAIN_SELF = YES;
				CLANG_WARN_OBJC_LITERAL_CONVERSION = YES;
				CLANG_WARN_OBJC_ROOT_CLASS = YES_ERROR;
				CLANG_WARN_RANGE_LOOP_ANALYSIS = YES;
				CLANG_WARN_STRICT_PROTOTYPES = YES;
				CLANG_WARN_SUSPICIOUS_MOVE = YES;
				CLANG_WARN_UNGUARDED_AVAILABILITY = YES_AGGRESSIVE;
				CLANG_WARN_UNREACHABLE_CODE = YES;
				CLANG_WARN__DUPLICATE_METHOD_MATCH = YES;
				CODE_SIGN_IDENTITY = "iPhone Developer";
				COPY_PHASE_STRIP = NO;
				DEBUG_INFORMATION_FORMAT = dwarf;
				ENABLE_STRICT_OBJC_MSGSEND = YES;
				ENABLE_TESTABILITY = YES;
				GCC_C_LANGUAGE_STANDARD = gnu11;
				GCC_DYNAMIC_NO_PIC = NO;
				GCC_NO_COMMON_BLOCKS = YES;
				GCC_OPTIMIZATION_LEVEL = 0;
				GCC_PREPROCESSOR_DEFINITIONS = (
					"DEBUG=1",
					"$(inherited)",
				);
				GCC_WARN_64_TO_32_BIT_CONVERSION = YES;
				GCC_WARN_ABOUT_RETURN_TYPE = YES_ERROR;
				GCC_WARN_UNDECLARED_SELECTOR = YES;
				GCC_WARN_UNINITIALIZED_AUTOS = YES_AGGRESSIVE;
				GCC_WARN_UNUSED_FUNCTION = YES;
				GCC_WARN_UNUSED_VARIABLE = YES;
				IPHONEOS_DEPLOYMENT_TARGET = 12.0;
				MTL_ENABLE_DEBUG_INFO = INCLUDE_SOURCE;
				MTL_FAST_MATH = YES;
				ONLY_ACTIVE_ARCH = YES;
				SDKROOT = iphoneos;
			};
			name = Debug;
		};
		8A0D1ED1217F49B800B757B7 /* Release */ = {
			isa = XCBuildConfiguration;
			buildSettings = {
				ALWAYS_SEARCH_USER_PATHS = NO;
				CLANG_ANALYZER_NONNULL = YES;
				CLANG_ANALYZER_NUMBER_OBJECT_CONVERSION = YES_AGGRESSIVE;
				CLANG_CXX_LANGUAGE_STANDARD = "gnu++14";
				CLANG_CXX_LIBRARY = "libc++";
				CLANG_ENABLE_MODULES = YES;
				CLANG_ENABLE_OBJC_ARC = YES;
				CLANG_ENABLE_OBJC_WEAK = YES;
				CLANG_WARN_BLOCK_CAPTURE_AUTORELEASING = YES;
				CLANG_WARN_BOOL_CONVERSION = YES;
				CLANG_WARN_COMMA = YES;
				CLANG_WARN_CONSTANT_CONVERSION = YES;
				CLANG_WARN_DEPRECATED_OBJC_IMPLEMENTATIONS = YES;
				CLANG_WARN_DIRECT_OBJC_ISA_USAGE = YES_ERROR;
				CLANG_WARN_DOCUMENTATION_COMMENTS = YES;
				CLANG_WARN_EMPTY_BODY = YES;
				CLANG_WARN_ENUM_CONVERSION = YES;
				CLANG_WARN_INFINITE_RECURSION = YES;
				CLANG_WARN_INT_CONVERSION = YES;
				CLANG_WARN_NON_LITERAL_NULL_CONVERSION = YES;
				CLANG_WARN_OBJC_IMPLICIT_RETAIN_SELF = YES;
				CLANG_WARN_OBJC_LITERAL_CONVERSION = YES;
				CLANG_WARN_OBJC_ROOT_CLASS = YES_ERROR;
				CLANG_WARN_RANGE_LOOP_ANALYSIS = YES;
				CLANG_WARN_STRICT_PROTOTYPES = YES;
				CLANG_WARN_SUSPICIOUS_MOVE = YES;
				CLANG_WARN_UNGUARDED_AVAILABILITY = YES_AGGRESSIVE;
				CLANG_WARN_UNREACHABLE_CODE = YES;
				CLANG_WARN__DUPLICATE_METHOD_MATCH = YES;
				CODE_SIGN_IDENTITY = "iPhone Developer";
				COPY_PHASE_STRIP = NO;
				DEBUG_INFORMATION_FORMAT = "dwarf-with-dsym";
				ENABLE_NS_ASSERTIONS = NO;
				ENABLE_STRICT_OBJC_MSGSEND = YES;
				GCC_C_LANGUAGE_STANDARD = gnu11;
				GCC_NO_COMMON_BLOCKS = YES;
				GCC_WARN_64_TO_32_BIT_CONVERSION = YES;
				GCC_WARN_ABOUT_RETURN_TYPE = YES_ERROR;
				GCC_WARN_UNDECLARED_SELECTOR = YES;
				GCC_WARN_UNINITIALIZED_AUTOS = YES_AGGRESSIVE;
				GCC_WARN_UNUSED_FUNCTION = YES;
				GCC_WARN_UNUSED_VARIABLE = YES;
				IPHONEOS_DEPLOYMENT_TARGET = 12.0;
				MTL_ENABLE_DEBUG_INFO = NO;
				MTL_FAST_MATH = YES;
				SDKROOT = iphoneos;
				VALIDATE_PRODUCT = YES;
			};
			name = Release;
		};
		8A0D1ED3217F49B800B757B7 /* Debug */ = {
			isa = XCBuildConfiguration;
			baseConfigurationReference = AC622CCEF519754EB03EDB1E /* Pods-VizTest.debug.xcconfig */;
			buildSettings = {
				ASSETCATALOG_COMPILER_APPICON_NAME = AppIcon;
				CODE_SIGN_STYLE = Automatic;
				DEVELOPMENT_TEAM = PH85M24H5K;
				INFOPLIST_FILE = VizTest/Info.plist;
				LD_RUNPATH_SEARCH_PATHS = (
					"$(inherited)",
					"@executable_path/Frameworks",
				);
				PRODUCT_BUNDLE_IDENTIFIER = MC.VizTest;
				PRODUCT_NAME = "$(TARGET_NAME)";
				TARGETED_DEVICE_FAMILY = "1,2";
			};
			name = Debug;
		};
		8A0D1ED4217F49B800B757B7 /* Release */ = {
			isa = XCBuildConfiguration;
			baseConfigurationReference = B7ECEBE704F4C99DABAB2DD9 /* Pods-VizTest.release.xcconfig */;
			buildSettings = {
				ASSETCATALOG_COMPILER_APPICON_NAME = AppIcon;
				CODE_SIGN_STYLE = Automatic;
				DEVELOPMENT_TEAM = PH85M24H5K;
				INFOPLIST_FILE = VizTest/Info.plist;
				LD_RUNPATH_SEARCH_PATHS = (
					"$(inherited)",
					"@executable_path/Frameworks",
				);
				PRODUCT_BUNDLE_IDENTIFIER = MC.VizTest;
				PRODUCT_NAME = "$(TARGET_NAME)";
				TARGETED_DEVICE_FAMILY = "1,2";
			};
			name = Release;
		};
/* End XCBuildConfiguration section */

/* Begin XCConfigurationList section */
		8A0D1EB7217F49B600B757B7 /* Build configuration list for PBXProject "VizTest" */ = {
			isa = XCConfigurationList;
			buildConfigurations = (
				8A0D1ED0217F49B800B757B7 /* Debug */,
				8A0D1ED1217F49B800B757B7 /* Release */,
			);
			defaultConfigurationIsVisible = 0;
			defaultConfigurationName = Release;
		};
		8A0D1ED2217F49B800B757B7 /* Build configuration list for PBXNativeTarget "VizTest" */ = {
			isa = XCConfigurationList;
			buildConfigurations = (
				8A0D1ED3217F49B800B757B7 /* Debug */,
				8A0D1ED4217F49B800B757B7 /* Release */,
			);
			defaultConfigurationIsVisible = 0;
			defaultConfigurationName = Release;
		};
/* End XCConfigurationList section */
	};
	rootObject = 8A0D1EB4217F49B600B757B7 /* Project object */;
}
